
Microsoft Visual Studio Solution File, Format Version 12.00
# Visual Studio Version 17
VisualStudioVersion = 17.13.35931.197 d17.13
MinimumVisualStudioVersion = 10.0.40219.1
Project("{FAE04EC0-301F-11D3-BF4B-00C04F79EFBC}") = "API VERSIOING", "API VERSIOING\API VERSIOING.csproj", "{323ACB7B-9DB8-4002-B82A-7CCB3F4699D7}"
EndProject
Global
	GlobalSection(SolutionConfigurationPlatforms) = preSolution
		Debug|Any CPU = Debug|Any CPU
		Release|Any CPU = Release|Any CPU
	EndGlobalSection
	GlobalSection(ProjectConfigurationPlatforms) = postSolution
		{323ACB7B-9DB8-4002-B82A-7CCB3F4699D7}.Debug|Any CPU.ActiveCfg = Debug|Any CPU
		{323ACB7B-9DB8-4002-B82A-7CCB3F4699D7}.Debug|Any CPU.Build.0 = Debug|Any CPU
		{323ACB7B-9DB8-4002-B82A-7CCB3F4699D7}.Release|Any CPU.ActiveCfg = Release|Any CPU
		{323ACB7B-9DB8-4002-B82A-7CCB3F4699D7}.Release|Any CPU.Build.0 = Release|Any CPU
	EndGlobalSection
	GlobalSection(SolutionProperties) = preSolution
		HideSolutionNode = FALSE
	EndGlobalSection
	GlobalSection(ExtensibilityGlobals) = postSolution
		SolutionGuid = {714E34B6-6808-4F97-81F9-5BA82B793879}
	EndGlobalSection
EndGlobal
